
Microsoft Visual Studio Solution File, Format Version 12.00
# Visual Studio Version 17
VisualStudioVersion = 17.3.32901.215
MinimumVisualStudioVersion = 10.0.40219.1
Project("{9A19103F-16F7-4668-BE54-9A1E7A4F7556}") = "Homework_Session3", "Homework_Session3.csproj", "{15362FCE-A1FF-48E5-BAA0-E3C9E7F1C5EC}"
EndProject
Global
	GlobalSection(SolutionConfigurationPlatforms) = preSolution
		Debug|Any CPU = Debug|Any CPU
		Release|Any CPU = Release|Any CPU
	EndGlobalSection
	GlobalSection(ProjectConfigurationPlatforms) = postSolution
		{15362FCE-A1FF-48E5-BAA0-E3C9E7F1C5EC}.Debug|Any CPU.ActiveCfg = Debug|Any CPU
		{15362FCE-A1FF-48E5-BAA0-E3C9E7F1C5EC}.Debug|Any CPU.Build.0 = Debug|Any CPU
		{15362FCE-A1FF-48E5-BAA0-E3C9E7F1C5EC}.Release|Any CPU.ActiveCfg = Release|Any CPU
		{15362FCE-A1FF-48E5-BAA0-E3C9E7F1C5EC}.Release|Any CPU.Build.0 = Release|Any CPU
	EndGlobalSection
	GlobalSection(SolutionProperties) = preSolution
		HideSolutionNode = FALSE
	EndGlobalSection
	GlobalSection(ExtensibilityGlobals) = postSolution
		SolutionGuid = {3308518D-A363-47CC-B5AA-8B84748515BC}
	EndGlobalSection
EndGlobal
