
Microsoft Visual Studio Solution File, Format Version 12.00
# Visual Studio Version 17
VisualStudioVersion = 17.3.32901.215
MinimumVisualStudioVersion = 10.0.40219.1
Project("{FAE04EC0-301F-11D3-BF4B-00C04F79EFBC}") = "CoreFramework", "CoreFramework\CoreFramework.csproj", "{5B62625C-B477-4E21-91BB-C57D60352347}"
EndProject
Project("{FAE04EC0-301F-11D3-BF4B-00C04F79EFBC}") = "RookiesTest", "RookiesTest\RookiesTest.csproj", "{019E748F-9289-4E67-B943-3A9F1327E1F9}"
EndProject
Global
	GlobalSection(SolutionConfigurationPlatforms) = preSolution
		Debug|Any CPU = Debug|Any CPU
		Release|Any CPU = Release|Any CPU
	EndGlobalSection
	GlobalSection(ProjectConfigurationPlatforms) = postSolution
		{5B62625C-B477-4E21-91BB-C57D60352347}.Debug|Any CPU.ActiveCfg = Debug|Any CPU
		{5B62625C-B477-4E21-91BB-C57D60352347}.Debug|Any CPU.Build.0 = Debug|Any CPU
		{5B62625C-B477-4E21-91BB-C57D60352347}.Release|Any CPU.ActiveCfg = Release|Any CPU
		{5B62625C-B477-4E21-91BB-C57D60352347}.Release|Any CPU.Build.0 = Release|Any CPU
		{019E748F-9289-4E67-B943-3A9F1327E1F9}.Debug|Any CPU.ActiveCfg = Debug|Any CPU
		{019E748F-9289-4E67-B943-3A9F1327E1F9}.Debug|Any CPU.Build.0 = Debug|Any CPU
		{019E748F-9289-4E67-B943-3A9F1327E1F9}.Release|Any CPU.ActiveCfg = Release|Any CPU
		{019E748F-9289-4E67-B943-3A9F1327E1F9}.Release|Any CPU.Build.0 = Release|Any CPU
	EndGlobalSection
	GlobalSection(SolutionProperties) = preSolution
		HideSolutionNode = FALSE
	EndGlobalSection
	GlobalSection(ExtensibilityGlobals) = postSolution
		SolutionGuid = {58E05F12-ED49-4A0F-AA2B-2D1678D5DFCD}
	EndGlobalSection
EndGlobal
