
Microsoft Visual Studio Solution File, Format Version 12.00
# Visual Studio Version 17
VisualStudioVersion = 17.3.32901.215
MinimumVisualStudioVersion = 10.0.40219.1
Project("{9A19103F-16F7-4668-BE54-9A1E7A4F7556}") = "RookiesTest", "RookiesTest\RookiesTest.csproj", "{98C3C49C-540A-45A4-8C75-8E22888160A2}"
EndProject
Project("{9A19103F-16F7-4668-BE54-9A1E7A4F7556}") = "CoreFramework", "CoreFramework\CoreFramework.csproj", "{32C794D5-670E-414D-8527-EBBEC7F8FB03}"
EndProject
Global
	GlobalSection(SolutionConfigurationPlatforms) = preSolution
		Debug|Any CPU = Debug|Any CPU
		Release|Any CPU = Release|Any CPU
	EndGlobalSection
	GlobalSection(ProjectConfigurationPlatforms) = postSolution
		{98C3C49C-540A-45A4-8C75-8E22888160A2}.Debug|Any CPU.ActiveCfg = Debug|Any CPU
		{98C3C49C-540A-45A4-8C75-8E22888160A2}.Debug|Any CPU.Build.0 = Debug|Any CPU
		{98C3C49C-540A-45A4-8C75-8E22888160A2}.Release|Any CPU.ActiveCfg = Release|Any CPU
		{98C3C49C-540A-45A4-8C75-8E22888160A2}.Release|Any CPU.Build.0 = Release|Any CPU
		{32C794D5-670E-414D-8527-EBBEC7F8FB03}.Debug|Any CPU.ActiveCfg = Debug|Any CPU
		{32C794D5-670E-414D-8527-EBBEC7F8FB03}.Debug|Any CPU.Build.0 = Debug|Any CPU
		{32C794D5-670E-414D-8527-EBBEC7F8FB03}.Release|Any CPU.ActiveCfg = Release|Any CPU
		{32C794D5-670E-414D-8527-EBBEC7F8FB03}.Release|Any CPU.Build.0 = Release|Any CPU
	EndGlobalSection
	GlobalSection(SolutionProperties) = preSolution
		HideSolutionNode = FALSE
	EndGlobalSection
	GlobalSection(ExtensibilityGlobals) = postSolution
		SolutionGuid = {47A74291-DE54-4C6D-9AD2-26B61E2154FA}
	EndGlobalSection
EndGlobal
